// !$*UTF8*$!
{
	archiveVersion = 1;
	classes = {
	};
	objectVersion = 46;
	objects = {

/* Begin PBXBuildFile section */
		0B7EA05219364EB6009D95CC /* MDCalendar.m in Sources */ = {isa = PBXBuildFile; fileRef = 0B7EA04D19364EB6009D95CC /* MDCalendar.m */; };
		0B7EA05419364EB6009D95CC /* NSDate+MDCalendar.m in Sources */ = {isa = PBXBuildFile; fileRef = 0B7EA05119364EB6009D95CC /* NSDate+MDCalendar.m */; };
		0C50FB97192FBCFC0043D2D5 /* Foundation.framework in Frameworks */ = {isa = PBXBuildFile; fileRef = 0C50FB96192FBCFC0043D2D5 /* Foundation.framework */; };
		0C50FB99192FBCFC0043D2D5 /* CoreGraphics.framework in Frameworks */ = {isa = PBXBuildFile; fileRef = 0C50FB98192FBCFC0043D2D5 /* CoreGraphics.framework */; };
		0C50FB9B192FBCFC0043D2D5 /* UIKit.framework in Frameworks */ = {isa = PBXBuildFile; fileRef = 0C50FB9A192FBCFC0043D2D5 /* UIKit.framework */; };
		0C50FBA1192FBCFC0043D2D5 /* InfoPlist.strings in Resources */ = {isa = PBXBuildFile; fileRef = 0C50FB9F192FBCFC0043D2D5 /* InfoPlist.strings */; };
		0C50FBA3192FBCFC0043D2D5 /* main.m in Sources */ = {isa = PBXBuildFile; fileRef = 0C50FBA2192FBCFC0043D2D5 /* main.m */; };
		0C50FBA7192FBCFC0043D2D5 /* MDAppDelegate.m in Sources */ = {isa = PBXBuildFile; fileRef = 0C50FBA6192FBCFC0043D2D5 /* MDAppDelegate.m */; };
		0C50FBA9192FBCFC0043D2D5 /* Images.xcassets in Resources */ = {isa = PBXBuildFile; fileRef = 0C50FBA8192FBCFC0043D2D5 /* Images.xcassets */; };
		0C50FBB0192FBCFC0043D2D5 /* XCTest.framework in Frameworks */ = {isa = PBXBuildFile; fileRef = 0C50FBAF192FBCFC0043D2D5 /* XCTest.framework */; };
		0C50FBB1192FBCFC0043D2D5 /* Foundation.framework in Frameworks */ = {isa = PBXBuildFile; fileRef = 0C50FB96192FBCFC0043D2D5 /* Foundation.framework */; };
		0C50FBB2192FBCFC0043D2D5 /* UIKit.framework in Frameworks */ = {isa = PBXBuildFile; fileRef = 0C50FB9A192FBCFC0043D2D5 /* UIKit.framework */; };
		0C50FBBA192FBCFC0043D2D5 /* InfoPlist.strings in Resources */ = {isa = PBXBuildFile; fileRef = 0C50FBB8192FBCFC0043D2D5 /* InfoPlist.strings */; };
		0C50FBBC192FBCFC0043D2D5 /* MDCalendarDemoTests.m in Sources */ = {isa = PBXBuildFile; fileRef = 0C50FBBB192FBCFC0043D2D5 /* MDCalendarDemoTests.m */; };
		0C50FBC9192FBD4A0043D2D5 /* MDCalendarViewController.m in Sources */ = {isa = PBXBuildFile; fileRef = 0C50FBC8192FBD4A0043D2D5 /* MDCalendarViewController.m */; };
		0CB9451B194CFFE800BE3BB1 /* UIColor+MDCalendarDemo.m in Sources */ = {isa = PBXBuildFile; fileRef = 0CB9451A194CFFE800BE3BB1 /* UIColor+MDCalendarDemo.m */; };
/* End PBXBuildFile section */

/* Begin PBXContainerItemProxy section */
		0C50FBB3192FBCFC0043D2D5 /* PBXContainerItemProxy */ = {
			isa = PBXContainerItemProxy;
			containerPortal = 0C50FB8B192FBCFC0043D2D5 /* Project object */;
			proxyType = 1;
			remoteGlobalIDString = 0C50FB92192FBCFC0043D2D5;
			remoteInfo = MDCalendarDemo;
		};
/* End PBXContainerItemProxy section */

/* Begin PBXFileReference section */
		0B7EA04C19364EB6009D95CC /* MDCalendar.h */ = {isa = PBXFileReference; fileEncoding = 4; lastKnownFileType = sourcecode.c.h; path = MDCalendar.h; sourceTree = "<group>"; };
		0B7EA04D19364EB6009D95CC /* MDCalendar.m */ = {isa = PBXFileReference; fileEncoding = 4; lastKnownFileType = sourcecode.c.objc; path = MDCalendar.m; sourceTree = "<group>"; };
		0B7EA05019364EB6009D95CC /* NSDate+MDCalendar.h */ = {isa = PBXFileReference; fileEncoding = 4; lastKnownFileType = sourcecode.c.h; path = "NSDate+MDCalendar.h"; sourceTree = "<group>"; };
		0B7EA05119364EB6009D95CC /* NSDate+MDCalendar.m */ = {isa = PBXFileReference; fileEncoding = 4; lastKnownFileType = sourcecode.c.objc; path = "NSDate+MDCalendar.m"; sourceTree = "<group>"; };
		0C50FB93192FBCFC0043D2D5 /* MDCalendarDemo.app */ = {isa = PBXFileReference; explicitFileType = wrapper.application; includeInIndex = 0; path = MDCalendarDemo.app; sourceTree = BUILT_PRODUCTS_DIR; };
		0C50FB96192FBCFC0043D2D5 /* Foundation.framework */ = {isa = PBXFileReference; lastKnownFileType = wrapper.framework; name = Foundation.framework; path = System/Library/Frameworks/Foundation.framework; sourceTree = SDKROOT; };
		0C50FB98192FBCFC0043D2D5 /* CoreGraphics.framework */ = {isa = PBXFileReference; lastKnownFileType = wrapper.framework; name = CoreGraphics.framework; path = System/Library/Frameworks/CoreGraphics.framework; sourceTree = SDKROOT; };
		0C50FB9A192FBCFC0043D2D5 /* UIKit.framework */ = {isa = PBXFileReference; lastKnownFileType = wrapper.framework; name = UIKit.framework; path = System/Library/Frameworks/UIKit.framework; sourceTree = SDKROOT; };
		0C50FB9E192FBCFC0043D2D5 /* MDCalendarDemo-Info.plist */ = {isa = PBXFileReference; lastKnownFileType = text.plist.xml; path = "MDCalendarDemo-Info.plist"; sourceTree = "<group>"; };
		0C50FBA0192FBCFC0043D2D5 /* en */ = {isa = PBXFileReference; lastKnownFileType = text.plist.strings; name = en; path = en.lproj/InfoPlist.strings; sourceTree = "<group>"; };
		0C50FBA2192FBCFC0043D2D5 /* main.m */ = {isa = PBXFileReference; lastKnownFileType = sourcecode.c.objc; path = main.m; sourceTree = "<group>"; };
		0C50FBA4192FBCFC0043D2D5 /* MDCalendarDemo-Prefix.pch */ = {isa = PBXFileReference; lastKnownFileType = sourcecode.c.h; path = "MDCalendarDemo-Prefix.pch"; sourceTree = "<group>"; };
		0C50FBA5192FBCFC0043D2D5 /* MDAppDelegate.h */ = {isa = PBXFileReference; lastKnownFileType = sourcecode.c.h; path = MDAppDelegate.h; sourceTree = "<group>"; };
		0C50FBA6192FBCFC0043D2D5 /* MDAppDelegate.m */ = {isa = PBXFileReference; lastKnownFileType = sourcecode.c.objc; path = MDAppDelegate.m; sourceTree = "<group>"; };
		0C50FBA8192FBCFC0043D2D5 /* Images.xcassets */ = {isa = PBXFileReference; lastKnownFileType = folder.assetcatalog; path = Images.xcassets; sourceTree = "<group>"; };
		0C50FBAE192FBCFC0043D2D5 /* MDCalendarDemoTests.xctest */ = {isa = PBXFileReference; explicitFileType = wrapper.cfbundle; includeInIndex = 0; path = MDCalendarDemoTests.xctest; sourceTree = BUILT_PRODUCTS_DIR; };
		0C50FBAF192FBCFC0043D2D5 /* XCTest.framework */ = {isa = PBXFileReference; lastKnownFileType = wrapper.framework; name = XCTest.framework; path = Library/Frameworks/XCTest.framework; sourceTree = DEVELOPER_DIR; };
		0C50FBB7192FBCFC0043D2D5 /* MDCalendarDemoTests-Info.plist */ = {isa = PBXFileReference; lastKnownFileType = text.plist.xml; path = "MDCalendarDemoTests-Info.plist"; sourceTree = "<group>"; };
		0C50FBB9192FBCFC0043D2D5 /* en */ = {isa = PBXFileReference; lastKnownFileType = text.plist.strings; name = en; path = en.lproj/InfoPlist.strings; sourceTree = "<group>"; };
		0C50FBBB192FBCFC0043D2D5 /* MDCalendarDemoTests.m */ = {isa = PBXFileReference; lastKnownFileType = sourcecode.c.objc; path = MDCalendarDemoTests.m; sourceTree = "<group>"; };
		0C50FBC7192FBD4A0043D2D5 /* MDCalendarViewController.h */ = {isa = PBXFileReference; fileEncoding = 4; lastKnownFileType = sourcecode.c.h; path = MDCalendarViewController.h; sourceTree = "<group>"; };
		0C50FBC8192FBD4A0043D2D5 /* MDCalendarViewController.m */ = {isa = PBXFileReference; fileEncoding = 4; lastKnownFileType = sourcecode.c.objc; path = MDCalendarViewController.m; sourceTree = "<group>"; };
		0CB94519194CFFE800BE3BB1 /* UIColor+MDCalendarDemo.h */ = {isa = PBXFileReference; fileEncoding = 4; lastKnownFileType = sourcecode.c.h; path = "UIColor+MDCalendarDemo.h"; sourceTree = "<group>"; };
		0CB9451A194CFFE800BE3BB1 /* UIColor+MDCalendarDemo.m */ = {isa = PBXFileReference; fileEncoding = 4; lastKnownFileType = sourcecode.c.objc; path = "UIColor+MDCalendarDemo.m"; sourceTree = "<group>"; };
/* End PBXFileReference section */

/* Begin PBXFrameworksBuildPhase section */
		0C50FB90192FBCFC0043D2D5 /* Frameworks */ = {
			isa = PBXFrameworksBuildPhase;
			buildActionMask = 2147483647;
			files = (
				0C50FB99192FBCFC0043D2D5 /* CoreGraphics.framework in Frameworks */,
				0C50FB9B192FBCFC0043D2D5 /* UIKit.framework in Frameworks */,
				0C50FB97192FBCFC0043D2D5 /* Foundation.framework in Frameworks */,
			);
			runOnlyForDeploymentPostprocessing = 0;
		};
		0C50FBAB192FBCFC0043D2D5 /* Frameworks */ = {
			isa = PBXFrameworksBuildPhase;
			buildActionMask = 2147483647;
			files = (
				0C50FBB0192FBCFC0043D2D5 /* XCTest.framework in Frameworks */,
				0C50FBB2192FBCFC0043D2D5 /* UIKit.framework in Frameworks */,
				0C50FBB1192FBCFC0043D2D5 /* Foundation.framework in Frameworks */,
			);
			runOnlyForDeploymentPostprocessing = 0;
		};
/* End PBXFrameworksBuildPhase section */

/* Begin PBXGroup section */
		0B7EA04B19364EB6009D95CC /* MDCalendar */ = {
			isa = PBXGroup;
			children = (
				0B7EA04C19364EB6009D95CC /* MDCalendar.h */,
				0B7EA04D19364EB6009D95CC /* MDCalendar.m */,
				0B7EA05019364EB6009D95CC /* NSDate+MDCalendar.h */,
				0B7EA05119364EB6009D95CC /* NSDate+MDCalendar.m */,
			);
			path = MDCalendar;
			sourceTree = "<group>";
		};
		0C50FB8A192FBCFC0043D2D5 = {
			isa = PBXGroup;
			children = (
				0B7EA04B19364EB6009D95CC /* MDCalendar */,
				0C50FB9C192FBCFC0043D2D5 /* MDCalendarDemo */,
				0C50FBB5192FBCFC0043D2D5 /* MDCalendarDemoTests */,
				0C50FB95192FBCFC0043D2D5 /* Frameworks */,
				0C50FB94192FBCFC0043D2D5 /* Products */,
			);
			sourceTree = "<group>";
		};
		0C50FB94192FBCFC0043D2D5 /* Products */ = {
			isa = PBXGroup;
			children = (
				0C50FB93192FBCFC0043D2D5 /* MDCalendarDemo.app */,
				0C50FBAE192FBCFC0043D2D5 /* MDCalendarDemoTests.xctest */,
			);
			name = Products;
			sourceTree = "<group>";
		};
		0C50FB95192FBCFC0043D2D5 /* Frameworks */ = {
			isa = PBXGroup;
			children = (
				0C50FB96192FBCFC0043D2D5 /* Foundation.framework */,
				0C50FB98192FBCFC0043D2D5 /* CoreGraphics.framework */,
				0C50FB9A192FBCFC0043D2D5 /* UIKit.framework */,
				0C50FBAF192FBCFC0043D2D5 /* XCTest.framework */,
			);
			name = Frameworks;
			sourceTree = "<group>";
		};
		0C50FB9C192FBCFC0043D2D5 /* MDCalendarDemo */ = {
			isa = PBXGroup;
			children = (
				0C50FBA5192FBCFC0043D2D5 /* MDAppDelegate.h */,
				0C50FBA6192FBCFC0043D2D5 /* MDAppDelegate.m */,
				0C50FBC6192FBD370043D2D5 /* View Controllers */,
				0C50FBA8192FBCFC0043D2D5 /* Images.xcassets */,
				0C50FB9D192FBCFC0043D2D5 /* Supporting Files */,
			);
			path = MDCalendarDemo;
			sourceTree = "<group>";
		};
		0C50FB9D192FBCFC0043D2D5 /* Supporting Files */ = {
			isa = PBXGroup;
			children = (
				0CB94519194CFFE800BE3BB1 /* UIColor+MDCalendarDemo.h */,
				0CB9451A194CFFE800BE3BB1 /* UIColor+MDCalendarDemo.m */,
				0C50FB9E192FBCFC0043D2D5 /* MDCalendarDemo-Info.plist */,
				0C50FB9F192FBCFC0043D2D5 /* InfoPlist.strings */,
				0C50FBA2192FBCFC0043D2D5 /* main.m */,
				0C50FBA4192FBCFC0043D2D5 /* MDCalendarDemo-Prefix.pch */,
			);
			name = "Supporting Files";
			sourceTree = "<group>";
		};
		0C50FBB5192FBCFC0043D2D5 /* MDCalendarDemoTests */ = {
			isa = PBXGroup;
			children = (
				0C50FBBB192FBCFC0043D2D5 /* MDCalendarDemoTests.m */,
				0C50FBB6192FBCFC0043D2D5 /* Supporting Files */,
			);
			path = MDCalendarDemoTests;
			sourceTree = "<group>";
		};
		0C50FBB6192FBCFC0043D2D5 /* Supporting Files */ = {
			isa = PBXGroup;
			children = (
				0C50FBB7192FBCFC0043D2D5 /* MDCalendarDemoTests-Info.plist */,
				0C50FBB8192FBCFC0043D2D5 /* InfoPlist.strings */,
			);
			name = "Supporting Files";
			sourceTree = "<group>";
		};
		0C50FBC6192FBD370043D2D5 /* View Controllers */ = {
			isa = PBXGroup;
			children = (
				0C50FBC7192FBD4A0043D2D5 /* MDCalendarViewController.h */,
				0C50FBC8192FBD4A0043D2D5 /* MDCalendarViewController.m */,
			);
			name = "View Controllers";
			sourceTree = "<group>";
		};
/* End PBXGroup section */

/* Begin PBXNativeTarget section */
		0C50FB92192FBCFC0043D2D5 /* MDCalendarDemo */ = {
			isa = PBXNativeTarget;
			buildConfigurationList = 0C50FBBF192FBCFC0043D2D5 /* Build configuration list for PBXNativeTarget "MDCalendarDemo" */;
			buildPhases = (
				0C50FB8F192FBCFC0043D2D5 /* Sources */,
				0C50FB90192FBCFC0043D2D5 /* Frameworks */,
				0C50FB91192FBCFC0043D2D5 /* Resources */,
			);
			buildRules = (
			);
			dependencies = (
			);
			name = MDCalendarDemo;
			productName = MDCalendarDemo;
			productReference = 0C50FB93192FBCFC0043D2D5 /* MDCalendarDemo.app */;
			productType = "com.apple.product-type.application";
		};
		0C50FBAD192FBCFC0043D2D5 /* MDCalendarDemoTests */ = {
			isa = PBXNativeTarget;
			buildConfigurationList = 0C50FBC2192FBCFC0043D2D5 /* Build configuration list for PBXNativeTarget "MDCalendarDemoTests" */;
			buildPhases = (
				0C50FBAA192FBCFC0043D2D5 /* Sources */,
				0C50FBAB192FBCFC0043D2D5 /* Frameworks */,
				0C50FBAC192FBCFC0043D2D5 /* Resources */,
			);
			buildRules = (
			);
			dependencies = (
				0C50FBB4192FBCFC0043D2D5 /* PBXTargetDependency */,
			);
			name = MDCalendarDemoTests;
			productName = MDCalendarDemoTests;
			productReference = 0C50FBAE192FBCFC0043D2D5 /* MDCalendarDemoTests.xctest */;
			productType = "com.apple.product-type.bundle.unit-test";
		};
/* End PBXNativeTarget section */

/* Begin PBXProject section */
		0C50FB8B192FBCFC0043D2D5 /* Project object */ = {
			isa = PBXProject;
			attributes = {
				CLASSPREFIX = MD;
				LastUpgradeCheck = 0510;
				ORGANIZATIONNAME = "___FULLUSERNAME___";
				TargetAttributes = {
					0C50FBAD192FBCFC0043D2D5 = {
						TestTargetID = 0C50FB92192FBCFC0043D2D5;
					};
				};
			};
			buildConfigurationList = 0C50FB8E192FBCFC0043D2D5 /* Build configuration list for PBXProject "MDCalendarDemo" */;
			compatibilityVersion = "Xcode 3.2";
			developmentRegion = English;
			hasScannedForEncodings = 0;
			knownRegions = (
				en,
			);
			mainGroup = 0C50FB8A192FBCFC0043D2D5;
			productRefGroup = 0C50FB94192FBCFC0043D2D5 /* Products */;
			projectDirPath = "";
			projectRoot = "";
			targets = (
				0C50FB92192FBCFC0043D2D5 /* MDCalendarDemo */,
				0C50FBAD192FBCFC0043D2D5 /* MDCalendarDemoTests */,
			);
		};
/* End PBXProject section */

/* Begin PBXResourcesBuildPhase section */
		0C50FB91192FBCFC0043D2D5 /* Resources */ = {
			isa = PBXResourcesBuildPhase;
			buildActionMask = 2147483647;
			files = (
				0C50FBA1192FBCFC0043D2D5 /* InfoPlist.strings in Resources */,
				0C50FBA9192FBCFC0043D2D5 /* Images.xcassets in Resources */,
			);
			runOnlyForDeploymentPostprocessing = 0;
		};
		0C50FBAC192FBCFC0043D2D5 /* Resources */ = {
			isa = PBXResourcesBuildPhase;
			buildActionMask = 2147483647;
			files = (
				0C50FBBA192FBCFC0043D2D5 /* InfoPlist.strings in Resources */,
			);
			runOnlyForDeploymentPostprocessing = 0;
		};
/* End PBXResourcesBuildPhase section */

/* Begin PBXSourcesBuildPhase section */
		0C50FB8F192FBCFC0043D2D5 /* Sources */ = {
			isa = PBXSourcesBuildPhase;
			buildActionMask = 2147483647;
			files = (
				0C50FBA3192FBCFC0043D2D5 /* main.m in Sources */,
				0B7EA05219364EB6009D95CC /* MDCalendar.m in Sources */,
				0C50FBA7192FBCFC0043D2D5 /* MDAppDelegate.m in Sources */,
				0B7EA05419364EB6009D95CC /* NSDate+MDCalendar.m in Sources */,
				0C50FBC9192FBD4A0043D2D5 /* MDCalendarViewController.m in Sources */,
				0CB9451B194CFFE800BE3BB1 /* UIColor+MDCalendarDemo.m in Sources */,
			);
			runOnlyForDeploymentPostprocessing = 0;
		};
		0C50FBAA192FBCFC0043D2D5 /* Sources */ = {
			isa = PBXSourcesBuildPhase;
			buildActionMask = 2147483647;
			files = (
				0C50FBBC192FBCFC0043D2D5 /* MDCalendarDemoTests.m in Sources */,
			);
			runOnlyForDeploymentPostprocessing = 0;
		};
/* End PBXSourcesBuildPhase section */

/* Begin PBXTargetDependency section */
		0C50FBB4192FBCFC0043D2D5 /* PBXTargetDependency */ = {
			isa = PBXTargetDependency;
			target = 0C50FB92192FBCFC0043D2D5 /* MDCalendarDemo */;
			targetProxy = 0C50FBB3192FBCFC0043D2D5 /* PBXContainerItemProxy */;
		};
/* End PBXTargetDependency section */

/* Begin PBXVariantGroup section */
		0C50FB9F192FBCFC0043D2D5 /* InfoPlist.strings */ = {
			isa = PBXVariantGroup;
			children = (
				0C50FBA0192FBCFC0043D2D5 /* en */,
			);
			name = InfoPlist.strings;
			sourceTree = "<group>";
		};
		0C50FBB8192FBCFC0043D2D5 /* InfoPlist.strings */ = {
			isa = PBXVariantGroup;
			children = (
				0C50FBB9192FBCFC0043D2D5 /* en */,
			);
			name = InfoPlist.strings;
			sourceTree = "<group>";
		};
/* End PBXVariantGroup section */

/* Begin XCBuildConfiguration section */
		0C50FBBD192FBCFC0043D2D5 /* Debug */ = {
			isa = XCBuildConfiguration;
			buildSettings = {
				ALWAYS_SEARCH_USER_PATHS = NO;
				CLANG_CXX_LANGUAGE_STANDARD = "gnu++0x";
				CLANG_CXX_LIBRARY = "libc++";
				CLANG_ENABLE_MODULES = YES;
				CLANG_ENABLE_OBJC_ARC = YES;
				CLANG_WARN_BOOL_CONVERSION = YES;
				CLANG_WARN_CONSTANT_CONVERSION = YES;
				CLANG_WARN_DIRECT_OBJC_ISA_USAGE = YES_ERROR;
				CLANG_WARN_EMPTY_BODY = YES;
				CLANG_WARN_ENUM_CONVERSION = YES;
				CLANG_WARN_INT_CONVERSION = YES;
				CLANG_WARN_OBJC_ROOT_CLASS = YES_ERROR;
				CLANG_WARN__DUPLICATE_METHOD_MATCH = YES;
				"CODE_SIGN_IDENTITY[sdk=iphoneos*]" = "iPhone Developer";
				COPY_PHASE_STRIP = NO;
				GCC_C_LANGUAGE_STANDARD = gnu99;
				GCC_DYNAMIC_NO_PIC = NO;
				GCC_OPTIMIZATION_LEVEL = 0;
				GCC_PREPROCESSOR_DEFINITIONS = (
					"DEBUG=1",
					"$(inherited)",
				);
				GCC_SYMBOLS_PRIVATE_EXTERN = NO;
				GCC_WARN_64_TO_32_BIT_CONVERSION = YES;
				GCC_WARN_ABOUT_RETURN_TYPE = YES_ERROR;
				GCC_WARN_UNDECLARED_SELECTOR = YES;
				GCC_WARN_UNINITIALIZED_AUTOS = YES_AGGRESSIVE;
				GCC_WARN_UNUSED_FUNCTION = YES;
				GCC_WARN_UNUSED_VARIABLE = YES;
				IPHONEOS_DEPLOYMENT_TARGET = 7.1;
				ONLY_ACTIVE_ARCH = YES;
				SDKROOT = iphoneos;
				TARGETED_DEVICE_FAMILY = "1,2";
			};
			name = Debug;
		};
		0C50FBBE192FBCFC0043D2D5 /* Release */ = {
			isa = XCBuildConfiguration;
			buildSettings = {
				ALWAYS_SEARCH_USER_PATHS = NO;
				CLANG_CXX_LANGUAGE_STANDARD = "gnu++0x";
				CLANG_CXX_LIBRARY = "libc++";
				CLANG_ENABLE_MODULES = YES;
				CLANG_ENABLE_OBJC_ARC = YES;
				CLANG_WARN_BOOL_CONVERSION = YES;
				CLANG_WARN_CONSTANT_CONVERSION = YES;
				CLANG_WARN_DIRECT_OBJC_ISA_USAGE = YES_ERROR;
				CLANG_WARN_EMPTY_BODY = YES;
				CLANG_WARN_ENUM_CONVERSION = YES;
				CLANG_WARN_INT_CONVERSION = YES;
				CLANG_WARN_OBJC_ROOT_CLASS = YES_ERROR;
				CLANG_WARN__DUPLICATE_METHOD_MATCH = YES;
				"CODE_SIGN_IDENTITY[sdk=iphoneos*]" = "iPhone Developer";
				COPY_PHASE_STRIP = YES;
				ENABLE_NS_ASSERTIONS = NO;
				GCC_C_LANGUAGE_STANDARD = gnu99;
				GCC_WARN_64_TO_32_BIT_CONVERSION = YES;
				GCC_WARN_ABOUT_RETURN_TYPE = YES_ERROR;
				GCC_WARN_UNDECLARED_SELECTOR = YES;
				GCC_WARN_UNINITIALIZED_AUTOS = YES_AGGRESSIVE;
				GCC_WARN_UNUSED_FUNCTION = YES;
				GCC_WARN_UNUSED_VARIABLE = YES;
				IPHONEOS_DEPLOYMENT_TARGET = 7.1;
				SDKROOT = iphoneos;
				TARGETED_DEVICE_FAMILY = "1,2";
				VALIDATE_PRODUCT = YES;
			};
			name = Release;
		};
		0C50FBC0192FBCFC0043D2D5 /* Debug */ = {
			isa = XCBuildConfiguration;
			buildSettings = {
				ASSETCATALOG_COMPILER_APPICON_NAME = AppIcon;
				ASSETCATALOG_COMPILER_LAUNCHIMAGE_NAME = LaunchImage;
				GCC_PRECOMPILE_PREFIX_HEADER = YES;
				GCC_PREFIX_HEADER = "MDCalendarDemo/MDCalendarDemo-Prefix.pch";
				INFOPLIST_FILE = "MDCalendarDemo/MDCalendarDemo-Info.plist";
				PRODUCT_NAME = "$(TARGET_NAME)";
				WRAPPER_EXTENSION = app;
			};
			name = Debug;
		};
		0C50FBC1192FBCFC0043D2D5 /* Release */ = {
			isa = XCBuildConfiguration;
			buildSettings = {
				ASSETCATALOG_COMPILER_APPICON_NAME = AppIcon;
				ASSETCATALOG_COMPILER_LAUNCHIMAGE_NAME = LaunchImage;
				GCC_PRECOMPILE_PREFIX_HEADER = YES;
				GCC_PREFIX_HEADER = "MDCalendarDemo/MDCalendarDemo-Prefix.pch";
				INFOPLIST_FILE = "MDCalendarDemo/MDCalendarDemo-Info.plist";
				PRODUCT_NAME = "$(TARGET_NAME)";
				WRAPPER_EXTENSION = app;
			};
			name = Release;
		};
		0C50FBC3192FBCFC0043D2D5 /* Debug */ = {
			isa = XCBuildConfiguration;
			buildSettings = {
				BUNDLE_LOADER = "$(BUILT_PRODUCTS_DIR)/MDCalendarDemo.app/MDCalendarDemo";
				FRAMEWORK_SEARCH_PATHS = (
					"$(SDKROOT)/Developer/Library/Frameworks",
					"$(inherited)",
					"$(DEVELOPER_FRAMEWORKS_DIR)",
				);
				GCC_PRECOMPILE_PREFIX_HEADER = YES;
				GCC_PREFIX_HEADER = "MDCalendarDemo/MDCalendarDemo-Prefix.pch";
				GCC_PREPROCESSOR_DEFINITIONS = (
					"DEBUG=1",
					"$(inherited)",
				);
				INFOPLIST_FILE = "MDCalendarDemoTests/MDCalendarDemoTests-Info.plist";
				PRODUCT_NAME = "$(TARGET_NAME)";
				TEST_HOST = "$(BUNDLE_LOADER)";
				WRAPPER_EXTENSION = xctest;
			};
			name = Debug;
		};
		0C50FBC4192FBCFC0043D2D5 /* Release */ = {
			isa = XCBuildConfiguration;
			buildSettings = {
				BUNDLE_LOADER = "$(BUILT_PRODUCTS_DIR)/MDCalendarDemo.app/MDCalendarDemo";
				FRAMEWORK_SEARCH_PATHS = (
					"$(SDKROOT)/Developer/Library/Frameworks",
					"$(inherited)",
					"$(DEVELOPER_FRAMEWORKS_DIR)",
				);
				GCC_PRECOMPILE_PREFIX_HEADER = YES;
				GCC_PREFIX_HEADER = "MDCalendarDemo/MDCalendarDemo-Prefix.pch";
				INFOPLIST_FILE = "MDCalendarDemoTests/MDCalendarDemoTests-Info.plist";
				PRODUCT_NAME = "$(TARGET_NAME)";
				TEST_HOST = "$(BUNDLE_LOADER)";
				WRAPPER_EXTENSION = xctest;
			};
			name = Release;
		};
/* End XCBuildConfiguration section */

/* Begin XCConfigurationList section */
		0C50FB8E192FBCFC0043D2D5 /* Build configuration list for PBXProject "MDCalendarDemo" */ = {
			isa = XCConfigurationList;
			buildConfigurations = (
				0C50FBBD192FBCFC0043D2D5 /* Debug */,
				0C50FBBE192FBCFC0043D2D5 /* Release */,
			);
			defaultConfigurationIsVisible = 0;
			defaultConfigurationName = Release;
		};
		0C50FBBF192FBCFC0043D2D5 /* Build configuration list for PBXNativeTarget "MDCalendarDemo" */ = {
			isa = XCConfigurationList;
			buildConfigurations = (
				0C50FBC0192FBCFC0043D2D5 /* Debug */,
				0C50FBC1192FBCFC0043D2D5 /* Release */,
			);
			defaultConfigurationIsVisible = 0;
			defaultConfigurationName = Release;
		};
		0C50FBC2192FBCFC0043D2D5 /* Build configuration list for PBXNativeTarget "MDCalendarDemoTests" */ = {
			isa = XCConfigurationList;
			buildConfigurations = (
				0C50FBC3192FBCFC0043D2D5 /* Debug */,
				0C50FBC4192FBCFC0043D2D5 /* Release */,
			);
			defaultConfigurationIsVisible = 0;
			defaultConfigurationName = Release;
		};
/* End XCConfigurationList section */
	};
	rootObject = 0C50FB8B192FBCFC0043D2D5 /* Project object */;
}
